
Microsoft Visual Studio Solution File, Format Version 12.00
# Visual Studio 15
VisualStudioVersion = 15.0.28218.60
MinimumVisualStudioVersion = 10.0.40219.1
Project("{FAE04EC0-301F-11D3-BF4B-00C04F79EFBC}") = "VkDownloader.Desktop", "VkDownloader.Desktop\VkDownloader.Desktop.csproj", "{8F2BC308-7D48-415A-BE1F-17821787FCC8}"
EndProject
Project("{2150E333-8FDC-42A3-9474-1A3956D46DE8}") = "Solution Items", "Solution Items", "{CDE5081D-93CD-4EA2-94FA-CB06A1030F57}"
	ProjectSection(SolutionItems) = preProject
		PreBuild.ps1 = PreBuild.ps1
	EndProjectSection
EndProject
Project("{FAE04EC0-301F-11D3-BF4B-00C04F79EFBC}") = "Bld.WinVkSdk.Wpf", "Bld.WinVkSdk.Wpf\Bld.WinVkSdk.Wpf.csproj", "{6ABAAC38-1176-42B4-B3B1-F139E1DBD745}"
EndProject
Project("{9A19103F-16F7-4668-BE54-9A1E7A4F7556}") = "VkNet", "..\vk\VkNet\VkNet.csproj", "{A6F3A4C4-DDF3-4AB3-92CD-025538CAADD0}"
EndProject
Global
	GlobalSection(SolutionConfigurationPlatforms) = preSolution
		Debug|Any CPU = Debug|Any CPU
		Release|Any CPU = Release|Any CPU
	EndGlobalSection
	GlobalSection(ProjectConfigurationPlatforms) = postSolution
		{8F2BC308-7D48-415A-BE1F-17821787FCC8}.Debug|Any CPU.ActiveCfg = Debug|Any CPU
		{8F2BC308-7D48-415A-BE1F-17821787FCC8}.Debug|Any CPU.Build.0 = Debug|Any CPU
		{8F2BC308-7D48-415A-BE1F-17821787FCC8}.Release|Any CPU.ActiveCfg = Release|Any CPU
		{8F2BC308-7D48-415A-BE1F-17821787FCC8}.Release|Any CPU.Build.0 = Release|Any CPU
		{6ABAAC38-1176-42B4-B3B1-F139E1DBD745}.Debug|Any CPU.ActiveCfg = Debug|Any CPU
		{6ABAAC38-1176-42B4-B3B1-F139E1DBD745}.Debug|Any CPU.Build.0 = Debug|Any CPU
		{6ABAAC38-1176-42B4-B3B1-F139E1DBD745}.Release|Any CPU.ActiveCfg = Release|Any CPU
		{6ABAAC38-1176-42B4-B3B1-F139E1DBD745}.Release|Any CPU.Build.0 = Release|Any CPU
		{A6F3A4C4-DDF3-4AB3-92CD-025538CAADD0}.Debug|Any CPU.ActiveCfg = Debug|Any CPU
		{A6F3A4C4-DDF3-4AB3-92CD-025538CAADD0}.Debug|Any CPU.Build.0 = Debug|Any CPU
		{A6F3A4C4-DDF3-4AB3-92CD-025538CAADD0}.Release|Any CPU.ActiveCfg = Release|Any CPU
		{A6F3A4C4-DDF3-4AB3-92CD-025538CAADD0}.Release|Any CPU.Build.0 = Release|Any CPU
	EndGlobalSection
	GlobalSection(SolutionProperties) = preSolution
		HideSolutionNode = FALSE
	EndGlobalSection
	GlobalSection(ExtensibilityGlobals) = postSolution
		SolutionGuid = {206CAE27-A18A-4356-B3D1-E963F22F8C6C}
	EndGlobalSection
EndGlobal
